// !$*UTF8*$!
{
	archiveVersion = 1;
	classes = {
	};
	objectVersion = 56;
	objects = {

/* Begin PBXBuildFile section */
		5D0DF1182BA783AA001F5F59 /* PostOptions.swift in Sources */ = {isa = PBXBuildFile; fileRef = 5D0DF1172BA783AA001F5F59 /* PostOptions.swift */; };
		5DDE50F32BC235780004CB0C /* ARWrapper.swift in Sources */ = {isa = PBXBuildFile; fileRef = 5DDE50F22BC235780004CB0C /* ARWrapper.swift */; };
		5DDE50F52BC2374A0004CB0C /* DesignPostView.swift in Sources */ = {isa = PBXBuildFile; fileRef = 5DDE50F42BC2374A0004CB0C /* DesignPostView.swift */; };
		5DDE50F72BC2381C0004CB0C /* Mesh+Ext.swift in Sources */ = {isa = PBXBuildFile; fileRef = 5DDE50F62BC2381C0004CB0C /* Mesh+Ext.swift */; };
		5DE01FA62BB3836000EB100E /* BaseView.swift in Sources */ = {isa = PBXBuildFile; fileRef = 5DE01FA52BB3836000EB100E /* BaseView.swift */; };
		5DF640BD2BA4A9D100B160CD /* RocketSyncApp.swift in Sources */ = {isa = PBXBuildFile; fileRef = 5DF640BC2BA4A9D100B160CD /* RocketSyncApp.swift */; };
		5DF640BF2BA4A9D100B160CD /* ContentView.swift in Sources */ = {isa = PBXBuildFile; fileRef = 5DF640BE2BA4A9D100B160CD /* ContentView.swift */; };
		5DF640C12BA4A9D300B160CD /* Assets.xcassets in Resources */ = {isa = PBXBuildFile; fileRef = 5DF640C02BA4A9D300B160CD /* Assets.xcassets */; };
		5DF640C42BA4A9D300B160CD /* Preview Assets.xcassets in Resources */ = {isa = PBXBuildFile; fileRef = 5DF640C32BA4A9D300B160CD /* Preview Assets.xcassets */; };
		5DF640CF2BA4ABB900B160CD /* LoginOptions.swift in Sources */ = {isa = PBXBuildFile; fileRef = 5DF640CE2BA4ABB900B160CD /* LoginOptions.swift */; };
		5DF640D12BA4ABE300B160CD /* Post.swift in Sources */ = {isa = PBXBuildFile; fileRef = 5DF640D02BA4ABE300B160CD /* Post.swift */; };
		5DF640D32BA4ABFA00B160CD /* DistanceMeasureController.swift in Sources */ = {isa = PBXBuildFile; fileRef = 5DF640D22BA4ABFA00B160CD /* DistanceMeasureController.swift */; };
		5DF640D52BA4AC0E00B160CD /* AuthenticationModel.swift in Sources */ = {isa = PBXBuildFile; fileRef = 5DF640D42BA4AC0E00B160CD /* AuthenticationModel.swift */; };
		5DF640D72BA4AC4D00B160CD /* PostsController.swift in Sources */ = {isa = PBXBuildFile; fileRef = 5DF640D62BA4AC4D00B160CD /* PostsController.swift */; };
		5DF640D92BA4AC5700B160CD /* BluetoothController.swift in Sources */ = {isa = PBXBuildFile; fileRef = 5DF640D82BA4AC5700B160CD /* BluetoothController.swift */; };
		5DF640DC2BA4AD0C00B160CD /* ProfileView.swift in Sources */ = {isa = PBXBuildFile; fileRef = 5DF640DB2BA4AD0C00B160CD /* ProfileView.swift */; };
		5DF640DE2BA4AD2E00B160CD /* LoginView.swift in Sources */ = {isa = PBXBuildFile; fileRef = 5DF640DD2BA4AD2E00B160CD /* LoginView.swift */; };
		5DF640E12BA4AD5700B160CD /* DistanceMeasureView.swift in Sources */ = {isa = PBXBuildFile; fileRef = 5DF640E02BA4AD5700B160CD /* DistanceMeasureView.swift */; };
		5DF640E32BA4AD7400B160CD /* DeviceConnectionView.swift in Sources */ = {isa = PBXBuildFile; fileRef = 5DF640E22BA4AD7400B160CD /* DeviceConnectionView.swift */; };
		5DF640E52BA4AD8800B160CD /* DeviceDetailView.swift in Sources */ = {isa = PBXBuildFile; fileRef = 5DF640E42BA4AD8800B160CD /* DeviceDetailView.swift */; };
		5DF640E82BA4ADE800B160CD /* PostsView.swift in Sources */ = {isa = PBXBuildFile; fileRef = 5DF640E72BA4ADE800B160CD /* PostsView.swift */; };
		5DF640EA2BA4ADF200B160CD /* PostDetailView.swift in Sources */ = {isa = PBXBuildFile; fileRef = 5DF640E92BA4ADF200B160CD /* PostDetailView.swift */; };
		5DF640EC2BA4AE0000B160CD /* CreatePostView.swift in Sources */ = {isa = PBXBuildFile; fileRef = 5DF640EB2BA4AE0000B160CD /* CreatePostView.swift */; };
		5DF640EE2BA4AE9B00B160CD /* SettingsView.swift in Sources */ = {isa = PBXBuildFile; fileRef = 5DF640ED2BA4AE9B00B160CD /* SettingsView.swift */; };
		5DF640F22BA4B06D00B160CD /* GoogleSignIn in Frameworks */ = {isa = PBXBuildFile; productRef = 5DF640F12BA4B06D00B160CD /* GoogleSignIn */; };
		5DF640F42BA4B06D00B160CD /* GoogleSignInSwift in Frameworks */ = {isa = PBXBuildFile; productRef = 5DF640F32BA4B06D00B160CD /* GoogleSignInSwift */; };
		5DF640F72BA4B10900B160CD /* FirebaseAuth in Frameworks */ = {isa = PBXBuildFile; productRef = 5DF640F62BA4B10900B160CD /* FirebaseAuth */; };
		5DF640F92BA4B10900B160CD /* FirebaseAuthCombine-Community in Frameworks */ = {isa = PBXBuildFile; productRef = 5DF640F82BA4B10900B160CD /* FirebaseAuthCombine-Community */; };
		5DF640FB2BA4B10900B160CD /* FirebaseCrashlytics in Frameworks */ = {isa = PBXBuildFile; productRef = 5DF640FA2BA4B10900B160CD /* FirebaseCrashlytics */; };
		5DF640FD2BA4B10900B160CD /* FirebaseDatabase in Frameworks */ = {isa = PBXBuildFile; productRef = 5DF640FC2BA4B10900B160CD /* FirebaseDatabase */; };
		5DF640FF2BA4B10900B160CD /* FirebaseDatabaseSwift in Frameworks */ = {isa = PBXBuildFile; productRef = 5DF640FE2BA4B10900B160CD /* FirebaseDatabaseSwift */; };
		5DF641012BA4B10A00B160CD /* FirebaseFirestore in Frameworks */ = {isa = PBXBuildFile; productRef = 5DF641002BA4B10A00B160CD /* FirebaseFirestore */; };
		5DF641032BA4B10A00B160CD /* FirebaseFirestoreCombine-Community in Frameworks */ = {isa = PBXBuildFile; productRef = 5DF641022BA4B10A00B160CD /* FirebaseFirestoreCombine-Community */; };
		5DF641052BA4B10A00B160CD /* FirebaseFirestoreSwift in Frameworks */ = {isa = PBXBuildFile; productRef = 5DF641042BA4B10A00B160CD /* FirebaseFirestoreSwift */; };
		5DF641072BA4B10A00B160CD /* FirebaseInstallations in Frameworks */ = {isa = PBXBuildFile; productRef = 5DF641062BA4B10A00B160CD /* FirebaseInstallations */; };
		5DF641092BA4B10A00B160CD /* FirebaseStorage in Frameworks */ = {isa = PBXBuildFile; productRef = 5DF641082BA4B10A00B160CD /* FirebaseStorage */; };
		5DF6410B2BA4B10A00B160CD /* FirebaseStorageCombine-Community in Frameworks */ = {isa = PBXBuildFile; productRef = 5DF6410A2BA4B10A00B160CD /* FirebaseStorageCombine-Community */; };
		5DF6410D2BA4B13B00B160CD /* GoogleService-Info.plist in Resources */ = {isa = PBXBuildFile; fileRef = 5DF6410C2BA4B13B00B160CD /* GoogleService-Info.plist */; };
		5DF6410F2BA4B5BD00B160CD /* LaunchScreen.storyboard in Resources */ = {isa = PBXBuildFile; fileRef = 5DF6410E2BA4B5BD00B160CD /* LaunchScreen.storyboard */; };
/* End PBXBuildFile section */

/* Begin PBXFileReference section */
		5D0DF1172BA783AA001F5F59 /* PostOptions.swift */ = {isa = PBXFileReference; lastKnownFileType = sourcecode.swift; path = PostOptions.swift; sourceTree = "<group>"; };
		5DDE50F22BC235780004CB0C /* ARWrapper.swift */ = {isa = PBXFileReference; lastKnownFileType = sourcecode.swift; path = ARWrapper.swift; sourceTree = "<group>"; };
		5DDE50F42BC2374A0004CB0C /* DesignPostView.swift */ = {isa = PBXFileReference; lastKnownFileType = sourcecode.swift; path = DesignPostView.swift; sourceTree = "<group>"; };
		5DDE50F62BC2381C0004CB0C /* Mesh+Ext.swift */ = {isa = PBXFileReference; lastKnownFileType = sourcecode.swift; path = "Mesh+Ext.swift"; sourceTree = "<group>"; };
		5DE01FA52BB3836000EB100E /* BaseView.swift */ = {isa = PBXFileReference; lastKnownFileType = sourcecode.swift; path = BaseView.swift; sourceTree = "<group>"; };
		5DF640B92BA4A9D100B160CD /* RocketSync.app */ = {isa = PBXFileReference; explicitFileType = wrapper.application; includeInIndex = 0; path = RocketSync.app; sourceTree = BUILT_PRODUCTS_DIR; };
		5DF640BC2BA4A9D100B160CD /* RocketSyncApp.swift */ = {isa = PBXFileReference; lastKnownFileType = sourcecode.swift; path = RocketSyncApp.swift; sourceTree = "<group>"; };
		5DF640BE2BA4A9D100B160CD /* ContentView.swift */ = {isa = PBXFileReference; lastKnownFileType = sourcecode.swift; path = ContentView.swift; sourceTree = "<group>"; };
		5DF640C02BA4A9D300B160CD /* Assets.xcassets */ = {isa = PBXFileReference; lastKnownFileType = folder.assetcatalog; path = Assets.xcassets; sourceTree = "<group>"; };
		5DF640C32BA4A9D300B160CD /* Preview Assets.xcassets */ = {isa = PBXFileReference; lastKnownFileType = folder.assetcatalog; path = "Preview Assets.xcassets"; sourceTree = "<group>"; };
		5DF640CE2BA4ABB900B160CD /* LoginOptions.swift */ = {isa = PBXFileReference; lastKnownFileType = sourcecode.swift; path = LoginOptions.swift; sourceTree = "<group>"; };
		5DF640D02BA4ABE300B160CD /* Post.swift */ = {isa = PBXFileReference; lastKnownFileType = sourcecode.swift; path = Post.swift; sourceTree = "<group>"; };
		5DF640D22BA4ABFA00B160CD /* DistanceMeasureController.swift */ = {isa = PBXFileReference; lastKnownFileType = sourcecode.swift; path = DistanceMeasureController.swift; sourceTree = "<group>"; };
		5DF640D42BA4AC0E00B160CD /* AuthenticationModel.swift */ = {isa = PBXFileReference; lastKnownFileType = sourcecode.swift; path = AuthenticationModel.swift; sourceTree = "<group>"; };
		5DF640D62BA4AC4D00B160CD /* PostsController.swift */ = {isa = PBXFileReference; lastKnownFileType = sourcecode.swift; path = PostsController.swift; sourceTree = "<group>"; };
		5DF640D82BA4AC5700B160CD /* BluetoothController.swift */ = {isa = PBXFileReference; lastKnownFileType = sourcecode.swift; path = BluetoothController.swift; sourceTree = "<group>"; };
		5DF640DB2BA4AD0C00B160CD /* ProfileView.swift */ = {isa = PBXFileReference; lastKnownFileType = sourcecode.swift; path = ProfileView.swift; sourceTree = "<group>"; };
		5DF640DD2BA4AD2E00B160CD /* LoginView.swift */ = {isa = PBXFileReference; lastKnownFileType = sourcecode.swift; path = LoginView.swift; sourceTree = "<group>"; };
		5DF640E02BA4AD5700B160CD /* DistanceMeasureView.swift */ = {isa = PBXFileReference; lastKnownFileType = sourcecode.swift; path = DistanceMeasureView.swift; sourceTree = "<group>"; };
		5DF640E22BA4AD7400B160CD /* DeviceConnectionView.swift */ = {isa = PBXFileReference; lastKnownFileType = sourcecode.swift; path = DeviceConnectionView.swift; sourceTree = "<group>"; };
		5DF640E42BA4AD8800B160CD /* DeviceDetailView.swift */ = {isa = PBXFileReference; lastKnownFileType = sourcecode.swift; path = DeviceDetailView.swift; sourceTree = "<group>"; };
		5DF640E72BA4ADE800B160CD /* PostsView.swift */ = {isa = PBXFileReference; lastKnownFileType = sourcecode.swift; path = PostsView.swift; sourceTree = "<group>"; };
		5DF640E92BA4ADF200B160CD /* PostDetailView.swift */ = {isa = PBXFileReference; lastKnownFileType = sourcecode.swift; path = PostDetailView.swift; sourceTree = "<group>"; };
		5DF640EB2BA4AE0000B160CD /* CreatePostView.swift */ = {isa = PBXFileReference; lastKnownFileType = sourcecode.swift; path = CreatePostView.swift; sourceTree = "<group>"; };
		5DF640ED2BA4AE9B00B160CD /* SettingsView.swift */ = {isa = PBXFileReference; lastKnownFileType = sourcecode.swift; path = SettingsView.swift; sourceTree = "<group>"; };
		5DF640EF2BA4AEDC00B160CD /* Info.plist */ = {isa = PBXFileReference; lastKnownFileType = text.plist; path = Info.plist; sourceTree = "<group>"; };
		5DF6410C2BA4B13B00B160CD /* GoogleService-Info.plist */ = {isa = PBXFileReference; fileEncoding = 4; lastKnownFileType = text.plist.xml; path = "GoogleService-Info.plist"; sourceTree = "<group>"; };
		5DF6410E2BA4B5BD00B160CD /* LaunchScreen.storyboard */ = {isa = PBXFileReference; lastKnownFileType = file.storyboard; path = LaunchScreen.storyboard; sourceTree = "<group>"; };
/* End PBXFileReference section */

/* Begin PBXFrameworksBuildPhase section */
		5DF640B62BA4A9D100B160CD /* Frameworks */ = {
			isa = PBXFrameworksBuildPhase;
			buildActionMask = 2147483647;
			files = (
				5DF641072BA4B10A00B160CD /* FirebaseInstallations in Frameworks */,
				5DF640FF2BA4B10900B160CD /* FirebaseDatabaseSwift in Frameworks */,
				5DF640FD2BA4B10900B160CD /* FirebaseDatabase in Frameworks */,
				5DF6410B2BA4B10A00B160CD /* FirebaseStorageCombine-Community in Frameworks */,
				5DF640F22BA4B06D00B160CD /* GoogleSignIn in Frameworks */,
				5DF641032BA4B10A00B160CD /* FirebaseFirestoreCombine-Community in Frameworks */,
				5DF641092BA4B10A00B160CD /* FirebaseStorage in Frameworks */,
				5DF640F72BA4B10900B160CD /* FirebaseAuth in Frameworks */,
				5DF641052BA4B10A00B160CD /* FirebaseFirestoreSwift in Frameworks */,
				5DF640FB2BA4B10900B160CD /* FirebaseCrashlytics in Frameworks */,
				5DF641012BA4B10A00B160CD /* FirebaseFirestore in Frameworks */,
				5DF640F42BA4B06D00B160CD /* GoogleSignInSwift in Frameworks */,
				5DF640F92BA4B10900B160CD /* FirebaseAuthCombine-Community in Frameworks */,
			);
			runOnlyForDeploymentPostprocessing = 0;
		};
/* End PBXFrameworksBuildPhase section */

/* Begin PBXGroup section */
		5DF640B02BA4A9D100B160CD = {
			isa = PBXGroup;
			children = (
				5DF640BB2BA4A9D100B160CD /* RocketSync */,
				5DF640BA2BA4A9D100B160CD /* Products */,
			);
			sourceTree = "<group>";
		};
		5DF640BA2BA4A9D100B160CD /* Products */ = {
			isa = PBXGroup;
			children = (
				5DF640B92BA4A9D100B160CD /* RocketSync.app */,
			);
			name = Products;
			sourceTree = "<group>";
		};
		5DF640BB2BA4A9D100B160CD /* RocketSync */ = {
			isa = PBXGroup;
			children = (
				5DF6410C2BA4B13B00B160CD /* GoogleService-Info.plist */,
				5DF640EF2BA4AEDC00B160CD /* Info.plist */,
				5DF640CD2BA4ABA200B160CD /* Model */,
				5DF640CC2BA4AB9D00B160CD /* View */,
				5DF640CB2BA4AB8C00B160CD /* Controller */,
				5DF640CA2BA4AB8200B160CD /* Enums */,
				5DF640C02BA4A9D300B160CD /* Assets.xcassets */,
				5DF640C22BA4A9D300B160CD /* Preview Content */,
			);
			path = RocketSync;
			sourceTree = "<group>";
		};
		5DF640C22BA4A9D300B160CD /* Preview Content */ = {
			isa = PBXGroup;
			children = (
				5DF640C32BA4A9D300B160CD /* Preview Assets.xcassets */,
			);
			path = "Preview Content";
			sourceTree = "<group>";
		};
		5DF640CA2BA4AB8200B160CD /* Enums */ = {
			isa = PBXGroup;
			children = (
				5DF640CE2BA4ABB900B160CD /* LoginOptions.swift */,
				5D0DF1172BA783AA001F5F59 /* PostOptions.swift */,
			);
			path = Enums;
			sourceTree = "<group>";
		};
		5DF640CB2BA4AB8C00B160CD /* Controller */ = {
			isa = PBXGroup;
			children = (
				5DF640BC2BA4A9D100B160CD /* RocketSyncApp.swift */,
				5DF640D62BA4AC4D00B160CD /* PostsController.swift */,
				5DF640D82BA4AC5700B160CD /* BluetoothController.swift */,
			);
			path = Controller;
			sourceTree = "<group>";
		};
		5DF640CC2BA4AB9D00B160CD /* View */ = {
			isa = PBXGroup;
			children = (
				5DF640BE2BA4A9D100B160CD /* ContentView.swift */,
				5DF640E62BA4ADD900B160CD /* Posts */,
				5DF640DF2BA4AD3D00B160CD /* Launch */,
				5DF640DA2BA4ACF700B160CD /* User */,
				5DF640ED2BA4AE9B00B160CD /* SettingsView.swift */,
				5DF6410E2BA4B5BD00B160CD /* LaunchScreen.storyboard */,
				5DE01FA52BB3836000EB100E /* BaseView.swift */,
			);
			path = View;
			sourceTree = "<group>";
		};
		5DF640CD2BA4ABA200B160CD /* Model */ = {
			isa = PBXGroup;
			children = (
				5DF640D02BA4ABE300B160CD /* Post.swift */,
				5DF640D22BA4ABFA00B160CD /* DistanceMeasureController.swift */,
				5DF640D42BA4AC0E00B160CD /* AuthenticationModel.swift */,
				5DDE50F22BC235780004CB0C /* ARWrapper.swift */,
				5DDE50F62BC2381C0004CB0C /* Mesh+Ext.swift */,
			);
			path = Model;
			sourceTree = "<group>";
		};
		5DF640DA2BA4ACF700B160CD /* User */ = {
			isa = PBXGroup;
			children = (
				5DF640DB2BA4AD0C00B160CD /* ProfileView.swift */,
				5DF640DD2BA4AD2E00B160CD /* LoginView.swift */,
			);
			path = User;
			sourceTree = "<group>";
		};
		5DF640DF2BA4AD3D00B160CD /* Launch */ = {
			isa = PBXGroup;
			children = (
				5DF640E02BA4AD5700B160CD /* DistanceMeasureView.swift */,
				5DF640E22BA4AD7400B160CD /* DeviceConnectionView.swift */,
				5DF640E42BA4AD8800B160CD /* DeviceDetailView.swift */,
			);
			path = Launch;
			sourceTree = "<group>";
		};
		5DF640E62BA4ADD900B160CD /* Posts */ = {
			isa = PBXGroup;
			children = (
				5DF640E72BA4ADE800B160CD /* PostsView.swift */,
				5DF640E92BA4ADF200B160CD /* PostDetailView.swift */,
				5DF640EB2BA4AE0000B160CD /* CreatePostView.swift */,
				5DDE50F42BC2374A0004CB0C /* DesignPostView.swift */,
			);
			path = Posts;
			sourceTree = "<group>";
		};
/* End PBXGroup section */

/* Begin PBXNativeTarget section */
		5DF640B82BA4A9D100B160CD /* RocketSync */ = {
			isa = PBXNativeTarget;
			buildConfigurationList = 5DF640C72BA4A9D300B160CD /* Build configuration list for PBXNativeTarget "RocketSync" */;
			buildPhases = (
				5DF640B52BA4A9D100B160CD /* Sources */,
				5DF640B62BA4A9D100B160CD /* Frameworks */,
				5DF640B72BA4A9D100B160CD /* Resources */,
			);
			buildRules = (
			);
			dependencies = (
			);
			name = RocketSync;
			packageProductDependencies = (
				5DF640F12BA4B06D00B160CD /* GoogleSignIn */,
				5DF640F32BA4B06D00B160CD /* GoogleSignInSwift */,
				5DF640F62BA4B10900B160CD /* FirebaseAuth */,
				5DF640F82BA4B10900B160CD /* FirebaseAuthCombine-Community */,
				5DF640FA2BA4B10900B160CD /* FirebaseCrashlytics */,
				5DF640FC2BA4B10900B160CD /* FirebaseDatabase */,
				5DF640FE2BA4B10900B160CD /* FirebaseDatabaseSwift */,
				5DF641002BA4B10A00B160CD /* FirebaseFirestore */,
				5DF641022BA4B10A00B160CD /* FirebaseFirestoreCombine-Community */,
				5DF641042BA4B10A00B160CD /* FirebaseFirestoreSwift */,
				5DF641062BA4B10A00B160CD /* FirebaseInstallations */,
				5DF641082BA4B10A00B160CD /* FirebaseStorage */,
				5DF6410A2BA4B10A00B160CD /* FirebaseStorageCombine-Community */,
			);
			productName = RocketSync;
			productReference = 5DF640B92BA4A9D100B160CD /* RocketSync.app */;
			productType = "com.apple.product-type.application";
		};
/* End PBXNativeTarget section */

/* Begin PBXProject section */
		5DF640B12BA4A9D100B160CD /* Project object */ = {
			isa = PBXProject;
			attributes = {
				BuildIndependentTargetsInParallel = 1;
				LastSwiftUpdateCheck = 1530;
				LastUpgradeCheck = 1530;
				TargetAttributes = {
					5DF640B82BA4A9D100B160CD = {
						CreatedOnToolsVersion = 15.3;
					};
				};
			};
			buildConfigurationList = 5DF640B42BA4A9D100B160CD /* Build configuration list for PBXProject "RocketSync" */;
			compatibilityVersion = "Xcode 14.0";
			developmentRegion = en;
			hasScannedForEncodings = 0;
			knownRegions = (
				en,
				Base,
			);
			mainGroup = 5DF640B02BA4A9D100B160CD;
			packageReferences = (
				5DF640F02BA4B06D00B160CD /* XCRemoteSwiftPackageReference "GoogleSignIn-iOS" */,
				5DF640F52BA4B10900B160CD /* XCRemoteSwiftPackageReference "firebase-ios-sdk" */,
			);
			productRefGroup = 5DF640BA2BA4A9D100B160CD /* Products */;
			projectDirPath = "";
			projectRoot = "";
			targets = (
				5DF640B82BA4A9D100B160CD /* RocketSync */,
			);
		};
/* End PBXProject section */

/* Begin PBXResourcesBuildPhase section */
		5DF640B72BA4A9D100B160CD /* Resources */ = {
			isa = PBXResourcesBuildPhase;
			buildActionMask = 2147483647;
			files = (
				5DF640C42BA4A9D300B160CD /* Preview Assets.xcassets in Resources */,
				5DF6410F2BA4B5BD00B160CD /* LaunchScreen.storyboard in Resources */,
				5DF640C12BA4A9D300B160CD /* Assets.xcassets in Resources */,
				5DF6410D2BA4B13B00B160CD /* GoogleService-Info.plist in Resources */,
			);
			runOnlyForDeploymentPostprocessing = 0;
		};
/* End PBXResourcesBuildPhase section */

/* Begin PBXSourcesBuildPhase section */
		5DF640B52BA4A9D100B160CD /* Sources */ = {
			isa = PBXSourcesBuildPhase;
			buildActionMask = 2147483647;
			files = (
				5DF640E82BA4ADE800B160CD /* PostsView.swift in Sources */,
				5DF640BF2BA4A9D100B160CD /* ContentView.swift in Sources */,
				5DF640DC2BA4AD0C00B160CD /* ProfileView.swift in Sources */,
				5DF640E52BA4AD8800B160CD /* DeviceDetailView.swift in Sources */,
				5DF640EC2BA4AE0000B160CD /* CreatePostView.swift in Sources */,
				5DF640EE2BA4AE9B00B160CD /* SettingsView.swift in Sources */,
				5DF640CF2BA4ABB900B160CD /* LoginOptions.swift in Sources */,
				5DF640BD2BA4A9D100B160CD /* RocketSyncApp.swift in Sources */,
				5DF640EA2BA4ADF200B160CD /* PostDetailView.swift in Sources */,
				5DDE50F52BC2374A0004CB0C /* DesignPostView.swift in Sources */,
				5DF640E32BA4AD7400B160CD /* DeviceConnectionView.swift in Sources */,
				5D0DF1182BA783AA001F5F59 /* PostOptions.swift in Sources */,
				5DF640D72BA4AC4D00B160CD /* PostsController.swift in Sources */,
				5DF640D52BA4AC0E00B160CD /* AuthenticationModel.swift in Sources */,
				5DDE50F72BC2381C0004CB0C /* Mesh+Ext.swift in Sources */,
				5DF640D32BA4ABFA00B160CD /* DistanceMeasureController.swift in Sources */,
				5DF640D92BA4AC5700B160CD /* BluetoothController.swift in Sources */,
				5DF640E12BA4AD5700B160CD /* DistanceMeasureView.swift in Sources */,
				5DE01FA62BB3836000EB100E /* BaseView.swift in Sources */,
				5DF640DE2BA4AD2E00B160CD /* LoginView.swift in Sources */,
				5DDE50F32BC235780004CB0C /* ARWrapper.swift in Sources */,
				5DF640D12BA4ABE300B160CD /* Post.swift in Sources */,
			);
			runOnlyForDeploymentPostprocessing = 0;
		};
/* End PBXSourcesBuildPhase section */

/* Begin XCBuildConfiguration section */
		5DF640C52BA4A9D300B160CD /* Debug */ = {
			isa = XCBuildConfiguration;
			buildSettings = {
				ALWAYS_SEARCH_USER_PATHS = NO;
				ASSETCATALOG_COMPILER_GENERATE_SWIFT_ASSET_SYMBOL_EXTENSIONS = YES;
				CLANG_ANALYZER_NONNULL = YES;
				CLANG_ANALYZER_NUMBER_OBJECT_CONVERSION = YES_AGGRESSIVE;
				CLANG_CXX_LANGUAGE_STANDARD = "gnu++20";
				CLANG_ENABLE_MODULES = YES;
				CLANG_ENABLE_OBJC_ARC = YES;
				CLANG_ENABLE_OBJC_WEAK = YES;
				CLANG_WARN_BLOCK_CAPTURE_AUTORELEASING = YES;
				CLANG_WARN_BOOL_CONVERSION = YES;
				CLANG_WARN_COMMA = YES;
				CLANG_WARN_CONSTANT_CONVERSION = YES;
				CLANG_WARN_DEPRECATED_OBJC_IMPLEMENTATIONS = YES;
				CLANG_WARN_DIRECT_OBJC_ISA_USAGE = YES_ERROR;
				CLANG_WARN_DOCUMENTATION_COMMENTS = YES;
				CLANG_WARN_EMPTY_BODY = YES;
				CLANG_WARN_ENUM_CONVERSION = YES;
				CLANG_WARN_INFINITE_RECURSION = YES;
				CLANG_WARN_INT_CONVERSION = YES;
				CLANG_WARN_NON_LITERAL_NULL_CONVERSION = YES;
				CLANG_WARN_OBJC_IMPLICIT_RETAIN_SELF = YES;
				CLANG_WARN_OBJC_LITERAL_CONVERSION = YES;
				CLANG_WARN_OBJC_ROOT_CLASS = YES_ERROR;
				CLANG_WARN_QUOTED_INCLUDE_IN_FRAMEWORK_HEADER = YES;
				CLANG_WARN_RANGE_LOOP_ANALYSIS = YES;
				CLANG_WARN_STRICT_PROTOTYPES = YES;
				CLANG_WARN_SUSPICIOUS_MOVE = YES;
				CLANG_WARN_UNGUARDED_AVAILABILITY = YES_AGGRESSIVE;
				CLANG_WARN_UNREACHABLE_CODE = YES;
				CLANG_WARN__DUPLICATE_METHOD_MATCH = YES;
				COPY_PHASE_STRIP = NO;
				DEBUG_INFORMATION_FORMAT = dwarf;
				ENABLE_STRICT_OBJC_MSGSEND = YES;
				ENABLE_TESTABILITY = YES;
				ENABLE_USER_SCRIPT_SANDBOXING = YES;
				GCC_C_LANGUAGE_STANDARD = gnu17;
				GCC_DYNAMIC_NO_PIC = NO;
				GCC_NO_COMMON_BLOCKS = YES;
				GCC_OPTIMIZATION_LEVEL = 0;
				GCC_PREPROCESSOR_DEFINITIONS = (
					"DEBUG=1",
					"$(inherited)",
				);
				GCC_WARN_64_TO_32_BIT_CONVERSION = YES;
				GCC_WARN_ABOUT_RETURN_TYPE = YES_ERROR;
				GCC_WARN_UNDECLARED_SELECTOR = YES;
				GCC_WARN_UNINITIALIZED_AUTOS = YES_AGGRESSIVE;
				GCC_WARN_UNUSED_FUNCTION = YES;
				GCC_WARN_UNUSED_VARIABLE = YES;
				IPHONEOS_DEPLOYMENT_TARGET = 17.4;
				LOCALIZATION_PREFERS_STRING_CATALOGS = YES;
				MTL_ENABLE_DEBUG_INFO = INCLUDE_SOURCE;
				MTL_FAST_MATH = YES;
				ONLY_ACTIVE_ARCH = YES;
				SDKROOT = iphoneos;
				SWIFT_ACTIVE_COMPILATION_CONDITIONS = "DEBUG $(inherited)";
				SWIFT_OPTIMIZATION_LEVEL = "-Onone";
			};
			name = Debug;
		};
		5DF640C62BA4A9D300B160CD /* Release */ = {
			isa = XCBuildConfiguration;
			buildSettings = {
				ALWAYS_SEARCH_USER_PATHS = NO;
				ASSETCATALOG_COMPILER_GENERATE_SWIFT_ASSET_SYMBOL_EXTENSIONS = YES;
				CLANG_ANALYZER_NONNULL = YES;
				CLANG_ANALYZER_NUMBER_OBJECT_CONVERSION = YES_AGGRESSIVE;
				CLANG_CXX_LANGUAGE_STANDARD = "gnu++20";
				CLANG_ENABLE_MODULES = YES;
				CLANG_ENABLE_OBJC_ARC = YES;
				CLANG_ENABLE_OBJC_WEAK = YES;
				CLANG_WARN_BLOCK_CAPTURE_AUTORELEASING = YES;
				CLANG_WARN_BOOL_CONVERSION = YES;
				CLANG_WARN_COMMA = YES;
				CLANG_WARN_CONSTANT_CONVERSION = YES;
				CLANG_WARN_DEPRECATED_OBJC_IMPLEMENTATIONS = YES;
				CLANG_WARN_DIRECT_OBJC_ISA_USAGE = YES_ERROR;
				CLANG_WARN_DOCUMENTATION_COMMENTS = YES;
				CLANG_WARN_EMPTY_BODY = YES;
				CLANG_WARN_ENUM_CONVERSION = YES;
				CLANG_WARN_INFINITE_RECURSION = YES;
				CLANG_WARN_INT_CONVERSION = YES;
				CLANG_WARN_NON_LITERAL_NULL_CONVERSION = YES;
				CLANG_WARN_OBJC_IMPLICIT_RETAIN_SELF = YES;
				CLANG_WARN_OBJC_LITERAL_CONVERSION = YES;
				CLANG_WARN_OBJC_ROOT_CLASS = YES_ERROR;
				CLANG_WARN_QUOTED_INCLUDE_IN_FRAMEWORK_HEADER = YES;
				CLANG_WARN_RANGE_LOOP_ANALYSIS = YES;
				CLANG_WARN_STRICT_PROTOTYPES = YES;
				CLANG_WARN_SUSPICIOUS_MOVE = YES;
				CLANG_WARN_UNGUARDED_AVAILABILITY = YES_AGGRESSIVE;
				CLANG_WARN_UNREACHABLE_CODE = YES;
				CLANG_WARN__DUPLICATE_METHOD_MATCH = YES;
				COPY_PHASE_STRIP = NO;
				DEBUG_INFORMATION_FORMAT = "dwarf-with-dsym";
				ENABLE_NS_ASSERTIONS = NO;
				ENABLE_STRICT_OBJC_MSGSEND = YES;
				ENABLE_USER_SCRIPT_SANDBOXING = YES;
				GCC_C_LANGUAGE_STANDARD = gnu17;
				GCC_NO_COMMON_BLOCKS = YES;
				GCC_WARN_64_TO_32_BIT_CONVERSION = YES;
				GCC_WARN_ABOUT_RETURN_TYPE = YES_ERROR;
				GCC_WARN_UNDECLARED_SELECTOR = YES;
				GCC_WARN_UNINITIALIZED_AUTOS = YES_AGGRESSIVE;
				GCC_WARN_UNUSED_FUNCTION = YES;
				GCC_WARN_UNUSED_VARIABLE = YES;
				IPHONEOS_DEPLOYMENT_TARGET = 17.4;
				LOCALIZATION_PREFERS_STRING_CATALOGS = YES;
				MTL_ENABLE_DEBUG_INFO = NO;
				MTL_FAST_MATH = YES;
				SDKROOT = iphoneos;
				SWIFT_COMPILATION_MODE = wholemodule;
				VALIDATE_PRODUCT = YES;
			};
			name = Release;
		};
		5DF640C82BA4A9D300B160CD /* Debug */ = {
			isa = XCBuildConfiguration;
			buildSettings = {
				ASSETCATALOG_COMPILER_APPICON_NAME = AppIcon;
				ASSETCATALOG_COMPILER_GLOBAL_ACCENT_COLOR_NAME = AccentColor;
				CODE_SIGN_STYLE = Automatic;
				CURRENT_PROJECT_VERSION = 1;
				DEBUG_INFORMATION_FORMAT = "dwarf-with-dsym";
				DEVELOPMENT_ASSET_PATHS = "\"RocketSync/Preview Content\"";
				DEVELOPMENT_TEAM = G98AFVNTCG;
				ENABLE_PREVIEWS = YES;
				GENERATE_INFOPLIST_FILE = YES;
				INFOPLIST_FILE = RocketSync/Info.plist;
				INFOPLIST_KEY_CFBundleDisplayName = RocketSync;
				INFOPLIST_KEY_LSApplicationCategoryType = "public.app-category.social-networking";
				INFOPLIST_KEY_NSBluetoothAlwaysUsageDescription = "RocketSync needs bluetooth to connect to external devices.";
				INFOPLIST_KEY_NSCameraUsageDescription = "RocketSync needs camera services for AR scanning";
				INFOPLIST_KEY_NSLocationWhenInUseUsageDescription = "RocketSync needs location services for measuring distance.";
				INFOPLIST_KEY_UIApplicationSceneManifest_Generation = YES;
				INFOPLIST_KEY_UIApplicationSupportsIndirectInputEvents = YES;
				INFOPLIST_KEY_UILaunchScreen_Generation = YES;
				INFOPLIST_KEY_UILaunchStoryboardName = LaunchScreen.storyboard;
				INFOPLIST_KEY_UISupportedInterfaceOrientations_iPad = "UIInterfaceOrientationPortrait UIInterfaceOrientationPortraitUpsideDown UIInterfaceOrientationLandscapeLeft UIInterfaceOrientationLandscapeRight";
				INFOPLIST_KEY_UISupportedInterfaceOrientations_iPhone = "UIInterfaceOrientationPortrait UIInterfaceOrientationLandscapeLeft UIInterfaceOrientationLandscapeRight";
				IPHONEOS_DEPLOYMENT_TARGET = 17.0;
				LD_RUNPATH_SEARCH_PATHS = (
					"$(inherited)",
					"@executable_path/Frameworks",
				);
				MARKETING_VERSION = 1.0;
				PRODUCT_BUNDLE_IDENTIFIER = com.treyeckenrod.RocketSync;
				PRODUCT_NAME = "$(TARGET_NAME)";
				SUPPORTED_PLATFORMS = "iphoneos iphonesimulator";
				SUPPORTS_MACCATALYST = NO;
				SUPPORTS_XR_DESIGNED_FOR_IPHONE_IPAD = NO;
				SWIFT_EMIT_LOC_STRINGS = YES;
				SWIFT_VERSION = 5.0;
				TARGETED_DEVICE_FAMILY = "1,2";
			};
			name = Debug;
		};
		5DF640C92BA4A9D300B160CD /* Release */ = {
			isa = XCBuildConfiguration;
			buildSettings = {
				ASSETCATALOG_COMPILER_APPICON_NAME = AppIcon;
				ASSETCATALOG_COMPILER_GLOBAL_ACCENT_COLOR_NAME = AccentColor;
				CODE_SIGN_STYLE = Automatic;
				CURRENT_PROJECT_VERSION = 1;
				DEVELOPMENT_ASSET_PATHS = "\"RocketSync/Preview Content\"";
				DEVELOPMENT_TEAM = G98AFVNTCG;
				ENABLE_PREVIEWS = YES;
				GENERATE_INFOPLIST_FILE = YES;
				INFOPLIST_FILE = RocketSync/Info.plist;
				INFOPLIST_KEY_CFBundleDisplayName = RocketSync;
				INFOPLIST_KEY_LSApplicationCategoryType = "public.app-category.social-networking";
				INFOPLIST_KEY_NSBluetoothAlwaysUsageDescription = "RocketSync needs bluetooth to connect to external devices.";
				INFOPLIST_KEY_NSCameraUsageDescription = "RocketSync needs camera services for AR scanning";
				INFOPLIST_KEY_NSLocationWhenInUseUsageDescription = "RocketSync needs location services for measuring distance.";
				INFOPLIST_KEY_UIApplicationSceneManifest_Generation = YES;
				INFOPLIST_KEY_UIApplicationSupportsIndirectInputEvents = YES;
				INFOPLIST_KEY_UILaunchScreen_Generation = YES;
				INFOPLIST_KEY_UILaunchStoryboardName = LaunchScreen.storyboard;
				INFOPLIST_KEY_UISupportedInterfaceOrientations_iPad = "UIInterfaceOrientationPortrait UIInterfaceOrientationPortraitUpsideDown UIInterfaceOrientationLandscapeLeft UIInterfaceOrientationLandscapeRight";
				INFOPLIST_KEY_UISupportedInterfaceOrientations_iPhone = "UIInterfaceOrientationPortrait UIInterfaceOrientationLandscapeLeft UIInterfaceOrientationLandscapeRight";
				IPHONEOS_DEPLOYMENT_TARGET = 17.0;
				LD_RUNPATH_SEARCH_PATHS = (
					"$(inherited)",
					"@executable_path/Frameworks",
				);
				MARKETING_VERSION = 1.0;
				PRODUCT_BUNDLE_IDENTIFIER = com.treyeckenrod.RocketSync;
				PRODUCT_NAME = "$(TARGET_NAME)";
				SUPPORTED_PLATFORMS = "iphoneos iphonesimulator";
				SUPPORTS_MACCATALYST = NO;
				SUPPORTS_XR_DESIGNED_FOR_IPHONE_IPAD = NO;
				SWIFT_EMIT_LOC_STRINGS = YES;
				SWIFT_VERSION = 5.0;
				TARGETED_DEVICE_FAMILY = "1,2";
			};
			name = Release;
		};
/* End XCBuildConfiguration section */

/* Begin XCConfigurationList section */
		5DF640B42BA4A9D100B160CD /* Build configuration list for PBXProject "RocketSync" */ = {
			isa = XCConfigurationList;
			buildConfigurations = (
				5DF640C52BA4A9D300B160CD /* Debug */,
				5DF640C62BA4A9D300B160CD /* Release */,
			);
			defaultConfigurationIsVisible = 0;
			defaultConfigurationName = Release;
		};
		5DF640C72BA4A9D300B160CD /* Build configuration list for PBXNativeTarget "RocketSync" */ = {
			isa = XCConfigurationList;
			buildConfigurations = (
				5DF640C82BA4A9D300B160CD /* Debug */,
				5DF640C92BA4A9D300B160CD /* Release */,
			);
			defaultConfigurationIsVisible = 0;
			defaultConfigurationName = Release;
		};
/* End XCConfigurationList section */

/* Begin XCRemoteSwiftPackageReference section */
		5DF640F02BA4B06D00B160CD /* XCRemoteSwiftPackageReference "GoogleSignIn-iOS" */ = {
			isa = XCRemoteSwiftPackageReference;
			repositoryURL = "https://github.com/google/GoogleSignIn-iOS";
			requirement = {
				kind = upToNextMajorVersion;
				minimumVersion = 7.0.0;
			};
		};
		5DF640F52BA4B10900B160CD /* XCRemoteSwiftPackageReference "firebase-ios-sdk" */ = {
			isa = XCRemoteSwiftPackageReference;
			repositoryURL = "https://github.com/firebase/firebase-ios-sdk";
			requirement = {
				kind = upToNextMajorVersion;
				minimumVersion = 10.22.1;
			};
		};
/* End XCRemoteSwiftPackageReference section */

/* Begin XCSwiftPackageProductDependency section */
		5DF640F12BA4B06D00B160CD /* GoogleSignIn */ = {
			isa = XCSwiftPackageProductDependency;
			package = 5DF640F02BA4B06D00B160CD /* XCRemoteSwiftPackageReference "GoogleSignIn-iOS" */;
			productName = GoogleSignIn;
		};
		5DF640F32BA4B06D00B160CD /* GoogleSignInSwift */ = {
			isa = XCSwiftPackageProductDependency;
			package = 5DF640F02BA4B06D00B160CD /* XCRemoteSwiftPackageReference "GoogleSignIn-iOS" */;
			productName = GoogleSignInSwift;
		};
		5DF640F62BA4B10900B160CD /* FirebaseAuth */ = {
			isa = XCSwiftPackageProductDependency;
			package = 5DF640F52BA4B10900B160CD /* XCRemoteSwiftPackageReference "firebase-ios-sdk" */;
			productName = FirebaseAuth;
		};
		5DF640F82BA4B10900B160CD /* FirebaseAuthCombine-Community */ = {
			isa = XCSwiftPackageProductDependency;
			package = 5DF640F52BA4B10900B160CD /* XCRemoteSwiftPackageReference "firebase-ios-sdk" */;
			productName = "FirebaseAuthCombine-Community";
		};
		5DF640FA2BA4B10900B160CD /* FirebaseCrashlytics */ = {
			isa = XCSwiftPackageProductDependency;
			package = 5DF640F52BA4B10900B160CD /* XCRemoteSwiftPackageReference "firebase-ios-sdk" */;
			productName = FirebaseCrashlytics;
		};
		5DF640FC2BA4B10900B160CD /* FirebaseDatabase */ = {
			isa = XCSwiftPackageProductDependency;
			package = 5DF640F52BA4B10900B160CD /* XCRemoteSwiftPackageReference "firebase-ios-sdk" */;
			productName = FirebaseDatabase;
		};
		5DF640FE2BA4B10900B160CD /* FirebaseDatabaseSwift */ = {
			isa = XCSwiftPackageProductDependency;
			package = 5DF640F52BA4B10900B160CD /* XCRemoteSwiftPackageReference "firebase-ios-sdk" */;
			productName = FirebaseDatabaseSwift;
		};
		5DF641002BA4B10A00B160CD /* FirebaseFirestore */ = {
			isa = XCSwiftPackageProductDependency;
			package = 5DF640F52BA4B10900B160CD /* XCRemoteSwiftPackageReference "firebase-ios-sdk" */;
			productName = FirebaseFirestore;
		};
		5DF641022BA4B10A00B160CD /* FirebaseFirestoreCombine-Community */ = {
			isa = XCSwiftPackageProductDependency;
			package = 5DF640F52BA4B10900B160CD /* XCRemoteSwiftPackageReference "firebase-ios-sdk" */;
			productName = "FirebaseFirestoreCombine-Community";
		};
		5DF641042BA4B10A00B160CD /* FirebaseFirestoreSwift */ = {
			isa = XCSwiftPackageProductDependency;
			package = 5DF640F52BA4B10900B160CD /* XCRemoteSwiftPackageReference "firebase-ios-sdk" */;
			productName = FirebaseFirestoreSwift;
		};
		5DF641062BA4B10A00B160CD /* FirebaseInstallations */ = {
			isa = XCSwiftPackageProductDependency;
			package = 5DF640F52BA4B10900B160CD /* XCRemoteSwiftPackageReference "firebase-ios-sdk" */;
			productName = FirebaseInstallations;
		};
		5DF641082BA4B10A00B160CD /* FirebaseStorage */ = {
			isa = XCSwiftPackageProductDependency;
			package = 5DF640F52BA4B10900B160CD /* XCRemoteSwiftPackageReference "firebase-ios-sdk" */;
			productName = FirebaseStorage;
		};
		5DF6410A2BA4B10A00B160CD /* FirebaseStorageCombine-Community */ = {
			isa = XCSwiftPackageProductDependency;
			package = 5DF640F52BA4B10900B160CD /* XCRemoteSwiftPackageReference "firebase-ios-sdk" */;
			productName = "FirebaseStorageCombine-Community";
		};
/* End XCSwiftPackageProductDependency section */
	};
	rootObject = 5DF640B12BA4A9D100B160CD /* Project object */;
}
